
Microsoft Visual Studio Solution File, Format Version 12.00
# Visual Studio Version 17
VisualStudioVersion = 17.13.35617.110 d17.13
MinimumVisualStudioVersion = 10.0.40219.1
Project("{FAE04EC0-301F-11D3-BF4B-00C04F79EFBC}") = "projectc#", "projectc#\projectc#.csproj", "{CF848D98-308A-4739-88F1-9C7992849959}"
EndProject
Global
	GlobalSection(SolutionConfigurationPlatforms) = preSolution
		Debug|Any CPU = Debug|Any CPU
		Release|Any CPU = Release|Any CPU
	EndGlobalSection
	GlobalSection(ProjectConfigurationPlatforms) = postSolution
		{CF848D98-308A-4739-88F1-9C7992849959}.Debug|Any CPU.ActiveCfg = Debug|Any CPU
		{CF848D98-308A-4739-88F1-9C7992849959}.Debug|Any CPU.Build.0 = Debug|Any CPU
		{CF848D98-308A-4739-88F1-9C7992849959}.Release|Any CPU.ActiveCfg = Release|Any CPU
		{CF848D98-308A-4739-88F1-9C7992849959}.Release|Any CPU.Build.0 = Release|Any CPU
	EndGlobalSection
	GlobalSection(SolutionProperties) = preSolution
		HideSolutionNode = FALSE
	EndGlobalSection
	GlobalSection(ExtensibilityGlobals) = postSolution
		SolutionGuid = {53D998A4-0571-4F44-A8E5-F0CDC9846D00}
	EndGlobalSection
EndGlobal
